
Microsoft Visual Studio Solution File, Format Version 12.00
# Visual Studio Version 17
VisualStudioVersion = 17.13.35913.81 d17.13
MinimumVisualStudioVersion = 10.0.40219.1
Project("{FAE04EC0-301F-11D3-BF4B-00C04F79EFBC}") = "task1", "task1\task1.csproj", "{5E994AEA-60D6-4A10-99FC-E96C41FA7CB2}"
EndProject
Project("{FAE04EC0-301F-11D3-BF4B-00C04F79EFBC}") = "task1_classLibrary", "task1_classLibrary\task1_classLibrary.csproj", "{3B36F01F-86C1-4633-98FB-FD304BBA19F2}"
EndProject
Project("{FAE04EC0-301F-11D3-BF4B-00C04F79EFBC}") = "task2", "task2\task2.csproj", "{F36B97E5-DF79-457B-9978-24DE20EF69D7}"
EndProject
Project("{FAE04EC0-301F-11D3-BF4B-00C04F79EFBC}") = "task2_classLibrary", "task2_classLibrary\task2_classLibrary.csproj", "{AE4FCEB9-04CC-4E57-ACA6-06D47A27FF8F}"
EndProject
Global
	GlobalSection(SolutionConfigurationPlatforms) = preSolution
		Debug|Any CPU = Debug|Any CPU
		Release|Any CPU = Release|Any CPU
	EndGlobalSection
	GlobalSection(ProjectConfigurationPlatforms) = postSolution
		{5E994AEA-60D6-4A10-99FC-E96C41FA7CB2}.Debug|Any CPU.ActiveCfg = Debug|Any CPU
		{5E994AEA-60D6-4A10-99FC-E96C41FA7CB2}.Debug|Any CPU.Build.0 = Debug|Any CPU
		{5E994AEA-60D6-4A10-99FC-E96C41FA7CB2}.Release|Any CPU.ActiveCfg = Release|Any CPU
		{5E994AEA-60D6-4A10-99FC-E96C41FA7CB2}.Release|Any CPU.Build.0 = Release|Any CPU
		{3B36F01F-86C1-4633-98FB-FD304BBA19F2}.Debug|Any CPU.ActiveCfg = Debug|Any CPU
		{3B36F01F-86C1-4633-98FB-FD304BBA19F2}.Debug|Any CPU.Build.0 = Debug|Any CPU
		{3B36F01F-86C1-4633-98FB-FD304BBA19F2}.Release|Any CPU.ActiveCfg = Release|Any CPU
		{3B36F01F-86C1-4633-98FB-FD304BBA19F2}.Release|Any CPU.Build.0 = Release|Any CPU
		{F36B97E5-DF79-457B-9978-24DE20EF69D7}.Debug|Any CPU.ActiveCfg = Debug|Any CPU
		{F36B97E5-DF79-457B-9978-24DE20EF69D7}.Debug|Any CPU.Build.0 = Debug|Any CPU
		{F36B97E5-DF79-457B-9978-24DE20EF69D7}.Release|Any CPU.ActiveCfg = Release|Any CPU
		{F36B97E5-DF79-457B-9978-24DE20EF69D7}.Release|Any CPU.Build.0 = Release|Any CPU
		{AE4FCEB9-04CC-4E57-ACA6-06D47A27FF8F}.Debug|Any CPU.ActiveCfg = Debug|Any CPU
		{AE4FCEB9-04CC-4E57-ACA6-06D47A27FF8F}.Debug|Any CPU.Build.0 = Debug|Any CPU
		{AE4FCEB9-04CC-4E57-ACA6-06D47A27FF8F}.Release|Any CPU.ActiveCfg = Release|Any CPU
		{AE4FCEB9-04CC-4E57-ACA6-06D47A27FF8F}.Release|Any CPU.Build.0 = Release|Any CPU
	EndGlobalSection
	GlobalSection(SolutionProperties) = preSolution
		HideSolutionNode = FALSE
	EndGlobalSection
	GlobalSection(ExtensibilityGlobals) = postSolution
		SolutionGuid = {693274D0-66DE-4C44-B8C9-4EB763687793}
	EndGlobalSection
EndGlobal
